// !$*UTF8*$!
{
	archiveVersion = 1;
	classes = {
	};
	objectVersion = 56;
	objects = {

/* Begin PBXBuildFile section */
		3303499229F8CA93003367C2 /* PostsUsecase.swift in Sources */ = {isa = PBXBuildFile; fileRef = 3303499129F8CA93003367C2 /* PostsUsecase.swift */; };
		3303499429F98403003367C2 /* AccessibilityIdentifiers.swift in Sources */ = {isa = PBXBuildFile; fileRef = 3303499329F98403003367C2 /* AccessibilityIdentifiers.swift */; };
		33478CCF29BE7BE60097ECC2 /* NetworkMock.swift in Sources */ = {isa = PBXBuildFile; fileRef = 33478CB429BE7BE40097ECC2 /* NetworkMock.swift */; };
		33478CD029BE7BE60097ECC2 /* MockReachability.swift in Sources */ = {isa = PBXBuildFile; fileRef = 33478CB529BE7BE40097ECC2 /* MockReachability.swift */; };
		33478CD229BE7BE60097ECC2 /* WebPostsRepositoryTests.swift in Sources */ = {isa = PBXBuildFile; fileRef = 33478CB729BE7BE50097ECC2 /* WebPostsRepositoryTests.swift */; };
		33478CD529BE7BE60097ECC2 /* Posts.json in Resources */ = {isa = PBXBuildFile; fileRef = 33478CBB29BE7BE50097ECC2 /* Posts.json */; };
		33478CD629BE7BE60097ECC2 /* NoPosts.json in Resources */ = {isa = PBXBuildFile; fileRef = 33478CBC29BE7BE50097ECC2 /* NoPosts.json */; };
		33478CD729BE7BE60097ECC2 /* DataLoader.swift in Sources */ = {isa = PBXBuildFile; fileRef = 33478CBD29BE7BE50097ECC2 /* DataLoader.swift */; };
		33478CD829BE7BE60097ECC2 /* PostTests.swift in Sources */ = {isa = PBXBuildFile; fileRef = 33478CBE29BE7BE50097ECC2 /* PostTests.swift */; };
		33478CDA29BE7BE60097ECC2 /* PostsListViewControllerTests.swift in Sources */ = {isa = PBXBuildFile; fileRef = 33478CC129BE7BE50097ECC2 /* PostsListViewControllerTests.swift */; };
		33478CE229BE7BE60097ECC2 /* XCTestCase+AsyncTest.swift in Sources */ = {isa = PBXBuildFile; fileRef = 33478CCC29BE7BE50097ECC2 /* XCTestCase+AsyncTest.swift */; };
		33478CE829BE80440097ECC2 /* Users.json in Resources */ = {isa = PBXBuildFile; fileRef = 33478CE629BE80430097ECC2 /* Users.json */; };
		33478CE929BE80440097ECC2 /* NoUsers.json in Resources */ = {isa = PBXBuildFile; fileRef = 33478CE729BE80430097ECC2 /* NoUsers.json */; };
		33478CEC29BE8A850097ECC2 /* UserTests.swift in Sources */ = {isa = PBXBuildFile; fileRef = 33478CEB29BE8A850097ECC2 /* UserTests.swift */; };
		33478CEE29BE93870097ECC2 /* WebUsersRepositoryTests.swift in Sources */ = {isa = PBXBuildFile; fileRef = 33478CED29BE93870097ECC2 /* WebUsersRepositoryTests.swift */; };
		33478CF029BF94BE0097ECC2 /* DataProviderProtocol.swift in Sources */ = {isa = PBXBuildFile; fileRef = 33478CEF29BF94BE0097ECC2 /* DataProviderProtocol.swift */; };
		33478CF329BF9CE80097ECC2 /* MockDataProvider.swift in Sources */ = {isa = PBXBuildFile; fileRef = 33478CF229BF9CE80097ECC2 /* MockDataProvider.swift */; };
		33478CF929BFA26B0097ECC2 /* SnapshotTesting in Frameworks */ = {isa = PBXBuildFile; productRef = 33478CF829BFA26B0097ECC2 /* SnapshotTesting */; };
		33478CFB29BFE12C0097ECC2 /* MockCoreDataPostsRepository.swift in Sources */ = {isa = PBXBuildFile; fileRef = 33478CFA29BFE12C0097ECC2 /* MockCoreDataPostsRepository.swift */; };
		33478CFD29BFE16E0097ECC2 /* MockCoreDataUsersRepository.swift in Sources */ = {isa = PBXBuildFile; fileRef = 33478CFC29BFE16E0097ECC2 /* MockCoreDataUsersRepository.swift */; };
		33478CFF29C155280097ECC2 /* MockNoDataProvider.swift in Sources */ = {isa = PBXBuildFile; fileRef = 33478CFE29C155280097ECC2 /* MockNoDataProvider.swift */; };
		33478D0429C1B7E00097ECC2 /* MockNoCoreDataPostsRepository.swift in Sources */ = {isa = PBXBuildFile; fileRef = 33478D0229C1B7E00097ECC2 /* MockNoCoreDataPostsRepository.swift */; };
		33478D0529C1B7E00097ECC2 /* MockNoCoreDataUsersRepository.swift in Sources */ = {isa = PBXBuildFile; fileRef = 33478D0329C1B7E00097ECC2 /* MockNoCoreDataUsersRepository.swift */; };
		3372223729BCF45200332FA7 /* CoreDataManager.swift in Sources */ = {isa = PBXBuildFile; fileRef = 3372223629BCF45200332FA7 /* CoreDataManager.swift */; };
		3372223929BDD7C700332FA7 /* DataProvider.swift in Sources */ = {isa = PBXBuildFile; fileRef = 3372223829BDD7C700332FA7 /* DataProvider.swift */; };
		3372223B29BDFB7700332FA7 /* ProxyLogger.swift in Sources */ = {isa = PBXBuildFile; fileRef = 3372223A29BDFB7700332FA7 /* ProxyLogger.swift */; };
		3372223E29BDFF2100332FA7 /* LoggerProtocol.swift in Sources */ = {isa = PBXBuildFile; fileRef = 3372223D29BDFF2100332FA7 /* LoggerProtocol.swift */; };
		3372224029BDFF3A00332FA7 /* LogLevel.swift in Sources */ = {isa = PBXBuildFile; fileRef = 3372223F29BDFF3A00332FA7 /* LogLevel.swift */; };
		33A6E2EE29BA662400FA2398 /* AppDelegate.swift in Sources */ = {isa = PBXBuildFile; fileRef = 33A6E2ED29BA662400FA2398 /* AppDelegate.swift */; };
		33A6E2F029BA662400FA2398 /* SceneDelegate.swift in Sources */ = {isa = PBXBuildFile; fileRef = 33A6E2EF29BA662400FA2398 /* SceneDelegate.swift */; };
		33A6E2F829BA662400FA2398 /* PostsList.xcdatamodeld in Sources */ = {isa = PBXBuildFile; fileRef = 33A6E2F629BA662400FA2398 /* PostsList.xcdatamodeld */; };
		33A6E2FA29BA662700FA2398 /* Assets.xcassets in Resources */ = {isa = PBXBuildFile; fileRef = 33A6E2F929BA662700FA2398 /* Assets.xcassets */; };
		33A6E2FD29BA662700FA2398 /* LaunchScreen.storyboard in Resources */ = {isa = PBXBuildFile; fileRef = 33A6E2FB29BA662700FA2398 /* LaunchScreen.storyboard */; };
		33A6E30829BA662800FA2398 /* PostsListTests.swift in Sources */ = {isa = PBXBuildFile; fileRef = 33A6E30729BA662800FA2398 /* PostsListTests.swift */; };
		33A6E31229BA662800FA2398 /* PostsListUITests.swift in Sources */ = {isa = PBXBuildFile; fileRef = 33A6E31129BA662800FA2398 /* PostsListUITests.swift */; };
		33A6E31429BA662800FA2398 /* PostsListUITestsLaunchTests.swift in Sources */ = {isa = PBXBuildFile; fileRef = 33A6E31329BA662800FA2398 /* PostsListUITestsLaunchTests.swift */; };
		33A6E3A929BB4CBB00FA2398 /* BasePresenterIO.swift in Sources */ = {isa = PBXBuildFile; fileRef = 33A6E37B29BB4CBA00FA2398 /* BasePresenterIO.swift */; };
		33A6E3AA29BB4CBB00FA2398 /* CellReusable.swift in Sources */ = {isa = PBXBuildFile; fileRef = 33A6E37C29BB4CBA00FA2398 /* CellReusable.swift */; };
		33A6E3AB29BB4CBB00FA2398 /* Strings.swift in Sources */ = {isa = PBXBuildFile; fileRef = 33A6E37E29BB4CBA00FA2398 /* Strings.swift */; };
		33A6E3AC29BB4CBB00FA2398 /* Localizable.strings in Resources */ = {isa = PBXBuildFile; fileRef = 33A6E37F29BB4CBA00FA2398 /* Localizable.strings */; };
		33A6E3AD29BB4CBB00FA2398 /* NotificationName.swift in Sources */ = {isa = PBXBuildFile; fileRef = 33A6E38129BB4CBA00FA2398 /* NotificationName.swift */; };
		33A6E3AF29BB4CBB00FA2398 /* Reachability.swift in Sources */ = {isa = PBXBuildFile; fileRef = 33A6E38329BB4CBA00FA2398 /* Reachability.swift */; };
		33A6E3B029BB4CBB00FA2398 /* UITableView+EmptyState.swift in Sources */ = {isa = PBXBuildFile; fileRef = 33A6E38429BB4CBA00FA2398 /* UITableView+EmptyState.swift */; };
		33A6E3B129BB4CBB00FA2398 /* UIView+Loading.swift in Sources */ = {isa = PBXBuildFile; fileRef = 33A6E38529BB4CBA00FA2398 /* UIView+Loading.swift */; };
		33A6E3B229BB4CBB00FA2398 /* UITableView+ReusableCell.swift in Sources */ = {isa = PBXBuildFile; fileRef = 33A6E38629BB4CBA00FA2398 /* UITableView+ReusableCell.swift */; };
		33A6E3B329BB4CBB00FA2398 /* User.swift in Sources */ = {isa = PBXBuildFile; fileRef = 33A6E38829BB4CBA00FA2398 /* User.swift */; };
		33A6E3B429BB4CBB00FA2398 /* Post.swift in Sources */ = {isa = PBXBuildFile; fileRef = 33A6E38929BB4CBA00FA2398 /* Post.swift */; };
		33A6E3B529BB4CBB00FA2398 /* EmptyPlaceHolderView.swift in Sources */ = {isa = PBXBuildFile; fileRef = 33A6E38B29BB4CBA00FA2398 /* EmptyPlaceHolderView.swift */; };
		33A6E3B629BB4CBB00FA2398 /* APIClient.swift in Sources */ = {isa = PBXBuildFile; fileRef = 33A6E38D29BB4CBA00FA2398 /* APIClient.swift */; };
		33A6E3B929BB4CBB00FA2398 /* WebPostsRepository.swift in Sources */ = {isa = PBXBuildFile; fileRef = 33A6E39229BB4CBA00FA2398 /* WebPostsRepository.swift */; };
		33A6E3BA29BB4CBB00FA2398 /* PostsRepository.swift in Sources */ = {isa = PBXBuildFile; fileRef = 33A6E39329BB4CBA00FA2398 /* PostsRepository.swift */; };
		33A6E3BB29BB4CBB00FA2398 /* APILinksFactory.swift in Sources */ = {isa = PBXBuildFile; fileRef = 33A6E39429BB4CBA00FA2398 /* APILinksFactory.swift */; };
		33A6E3BC29BB4CBB00FA2398 /* EntryPoint.swift in Sources */ = {isa = PBXBuildFile; fileRef = 33A6E39629BB4CBB00FA2398 /* EntryPoint.swift */; };
		33A6E3BD29BB4CBB00FA2398 /* AppAppearance.swift in Sources */ = {isa = PBXBuildFile; fileRef = 33A6E39729BB4CBB00FA2398 /* AppAppearance.swift */; };
		33A6E3BE29BB4CBB00FA2398 /* PostsListError.swift in Sources */ = {isa = PBXBuildFile; fileRef = 33A6E39829BB4CBB00FA2398 /* PostsListError.swift */; };
		33A6E3BF29BB4CBB00FA2398 /* PostsTableViewDataSource.swift in Sources */ = {isa = PBXBuildFile; fileRef = 33A6E39C29BB4CBB00FA2398 /* PostsTableViewDataSource.swift */; };
		33A6E3C029BB4CBB00FA2398 /* TableViewSectionType.swift in Sources */ = {isa = PBXBuildFile; fileRef = 33A6E39D29BB4CBB00FA2398 /* TableViewSectionType.swift */; };
		33A6E3C129BB4CBB00FA2398 /* GeneralTableHeader.swift in Sources */ = {isa = PBXBuildFile; fileRef = 33A6E39F29BB4CBB00FA2398 /* GeneralTableHeader.swift */; };
		33A6E3C229BB4CBB00FA2398 /* PostTableViewCell.swift in Sources */ = {isa = PBXBuildFile; fileRef = 33A6E3A029BB4CBB00FA2398 /* PostTableViewCell.swift */; };
		33A6E3C329BB4CBB00FA2398 /* PostsListViewController.swift in Sources */ = {isa = PBXBuildFile; fileRef = 33A6E3A129BB4CBB00FA2398 /* PostsListViewController.swift */; };
		33A6E3C429BB4CBB00FA2398 /* PostsListRouter.swift in Sources */ = {isa = PBXBuildFile; fileRef = 33A6E3A229BB4CBB00FA2398 /* PostsListRouter.swift */; };
		33A6E3C529BB4CBB00FA2398 /* PostsListBuilder.swift in Sources */ = {isa = PBXBuildFile; fileRef = 33A6E3A329BB4CBB00FA2398 /* PostsListBuilder.swift */; };
		33A6E3C629BB4CBB00FA2398 /* PostsListPresenter.swift in Sources */ = {isa = PBXBuildFile; fileRef = 33A6E3A429BB4CBB00FA2398 /* PostsListPresenter.swift */; };
		33A6E3C729BB4CBB00FA2398 /* PostDetailsBuilder.swift in Sources */ = {isa = PBXBuildFile; fileRef = 33A6E3A629BB4CBB00FA2398 /* PostDetailsBuilder.swift */; };
		33A6E3C829BB4CBB00FA2398 /* PostDetailsPresenter.swift in Sources */ = {isa = PBXBuildFile; fileRef = 33A6E3A729BB4CBB00FA2398 /* PostDetailsPresenter.swift */; };
		33A6E3C929BB4CBB00FA2398 /* PostDetailsViewController.swift in Sources */ = {isa = PBXBuildFile; fileRef = 33A6E3A829BB4CBB00FA2398 /* PostDetailsViewController.swift */; };
		33A6E3CC29BB4EBD00FA2398 /* SwiftMessages in Frameworks */ = {isa = PBXBuildFile; productRef = 33A6E3CB29BB4EBD00FA2398 /* SwiftMessages */; };
		33A6E3EF29BB65BD00FA2398 /* CompanyDAO.swift in Sources */ = {isa = PBXBuildFile; fileRef = 33A6E3E529BB65BD00FA2398 /* CompanyDAO.swift */; };
		33A6E3F129BB65BD00FA2398 /* GeoDAO.swift in Sources */ = {isa = PBXBuildFile; fileRef = 33A6E3E729BB65BD00FA2398 /* GeoDAO.swift */; };
		33A6E3F529BB65BD00FA2398 /* AddressDAO.swift in Sources */ = {isa = PBXBuildFile; fileRef = 33A6E3EB29BB65BD00FA2398 /* AddressDAO.swift */; };
		33A6E3F729BB65BD00FA2398 /* UserDAO.swift in Sources */ = {isa = PBXBuildFile; fileRef = 33A6E3ED29BB65BD00FA2398 /* UserDAO.swift */; };
		33A6E3F829BB65BD00FA2398 /* PostDAO.swift in Sources */ = {isa = PBXBuildFile; fileRef = 33A6E3EE29BB65BD00FA2398 /* PostDAO.swift */; };
		33A6E3FA29BB6E8E00FA2398 /* Company.swift in Sources */ = {isa = PBXBuildFile; fileRef = 33A6E3F929BB6E8E00FA2398 /* Company.swift */; };
		33A6E3FC29BB6EC900FA2398 /* Address.swift in Sources */ = {isa = PBXBuildFile; fileRef = 33A6E3FB29BB6EC900FA2398 /* Address.swift */; };
		33A6E3FE29BB70FC00FA2398 /* Geo.swift in Sources */ = {isa = PBXBuildFile; fileRef = 33A6E3FD29BB70FC00FA2398 /* Geo.swift */; };
		33D614B529C1EF4F00E9ABB3 /* EmptyPlaceHolderViewTests.swift in Sources */ = {isa = PBXBuildFile; fileRef = 33D614B329C1EF4F00E9ABB3 /* EmptyPlaceHolderViewTests.swift */; };
		33D614B629C1EF4F00E9ABB3 /* UIView+LoadingTests.swift in Sources */ = {isa = PBXBuildFile; fileRef = 33D614B429C1EF4F00E9ABB3 /* UIView+LoadingTests.swift */; };
		33D614B929C24CDE00E9ABB3 /* UserDTO.swift in Sources */ = {isa = PBXBuildFile; fileRef = 33D614B829C24CDE00E9ABB3 /* UserDTO.swift */; };
		33D614BC29C24D6F00E9ABB3 /* PostDTO.swift in Sources */ = {isa = PBXBuildFile; fileRef = 33D614BB29C24D6F00E9ABB3 /* PostDTO.swift */; };
		33D614C129C24F1E00E9ABB3 /* GeoDTO.swift in Sources */ = {isa = PBXBuildFile; fileRef = 33D614C029C24F1E00E9ABB3 /* GeoDTO.swift */; };
		33D614C329C2536400E9ABB3 /* AddressDTO.swift in Sources */ = {isa = PBXBuildFile; fileRef = 33D614C229C2536400E9ABB3 /* AddressDTO.swift */; };
		33D614C529C2549500E9ABB3 /* CompanyDTO.swift in Sources */ = {isa = PBXBuildFile; fileRef = 33D614C429C2549500E9ABB3 /* CompanyDTO.swift */; };
		33F68CBE29BB9D7900534860 /* UsersRepository.swift in Sources */ = {isa = PBXBuildFile; fileRef = 33F68CBD29BB9D7900534860 /* UsersRepository.swift */; };
		33F68CC129BB9E0700534860 /* WebUsersRepository.swift in Sources */ = {isa = PBXBuildFile; fileRef = 33F68CC029BB9E0700534860 /* WebUsersRepository.swift */; };
		33F68CC329BC0E8E00534860 /* CoreDataPostsRepository.swift in Sources */ = {isa = PBXBuildFile; fileRef = 33F68CC229BC0E8E00534860 /* CoreDataPostsRepository.swift */; };
		33F68CC529BC0F1200534860 /* CoreDataUsersRepository.swift in Sources */ = {isa = PBXBuildFile; fileRef = 33F68CC429BC0F1200534860 /* CoreDataUsersRepository.swift */; };
/* End PBXBuildFile section */

/* Begin PBXContainerItemProxy section */
		33A6E30429BA662800FA2398 /* PBXContainerItemProxy */ = {
			isa = PBXContainerItemProxy;
			containerPortal = 33A6E2E229BA662400FA2398 /* Project object */;
			proxyType = 1;
			remoteGlobalIDString = 33A6E2E929BA662400FA2398;
			remoteInfo = PostsList;
		};
		33A6E30E29BA662800FA2398 /* PBXContainerItemProxy */ = {
			isa = PBXContainerItemProxy;
			containerPortal = 33A6E2E229BA662400FA2398 /* Project object */;
			proxyType = 1;
			remoteGlobalIDString = 33A6E2E929BA662400FA2398;
			remoteInfo = PostsList;
		};
/* End PBXContainerItemProxy section */

/* Begin PBXFileReference section */
		3303499129F8CA93003367C2 /* PostsUsecase.swift */ = {isa = PBXFileReference; lastKnownFileType = sourcecode.swift; path = PostsUsecase.swift; sourceTree = "<group>"; };
		3303499329F98403003367C2 /* AccessibilityIdentifiers.swift */ = {isa = PBXFileReference; fileEncoding = 4; lastKnownFileType = sourcecode.swift; path = AccessibilityIdentifiers.swift; sourceTree = "<group>"; };
		33478CB429BE7BE40097ECC2 /* NetworkMock.swift */ = {isa = PBXFileReference; fileEncoding = 4; lastKnownFileType = sourcecode.swift; path = NetworkMock.swift; sourceTree = "<group>"; };
		33478CB529BE7BE40097ECC2 /* MockReachability.swift */ = {isa = PBXFileReference; fileEncoding = 4; lastKnownFileType = sourcecode.swift; path = MockReachability.swift; sourceTree = "<group>"; };
		33478CB729BE7BE50097ECC2 /* WebPostsRepositoryTests.swift */ = {isa = PBXFileReference; fileEncoding = 4; lastKnownFileType = sourcecode.swift; path = WebPostsRepositoryTests.swift; sourceTree = "<group>"; };
		33478CBB29BE7BE50097ECC2 /* Posts.json */ = {isa = PBXFileReference; fileEncoding = 4; lastKnownFileType = text.json; path = Posts.json; sourceTree = "<group>"; };
		33478CBC29BE7BE50097ECC2 /* NoPosts.json */ = {isa = PBXFileReference; fileEncoding = 4; lastKnownFileType = text.json; path = NoPosts.json; sourceTree = "<group>"; };
		33478CBD29BE7BE50097ECC2 /* DataLoader.swift */ = {isa = PBXFileReference; fileEncoding = 4; lastKnownFileType = sourcecode.swift; path = DataLoader.swift; sourceTree = "<group>"; };
		33478CBE29BE7BE50097ECC2 /* PostTests.swift */ = {isa = PBXFileReference; fileEncoding = 4; lastKnownFileType = sourcecode.swift; path = PostTests.swift; sourceTree = "<group>"; };
		33478CC129BE7BE50097ECC2 /* PostsListViewControllerTests.swift */ = {isa = PBXFileReference; fileEncoding = 4; lastKnownFileType = sourcecode.swift; path = PostsListViewControllerTests.swift; sourceTree = "<group>"; };
		33478CCC29BE7BE50097ECC2 /* XCTestCase+AsyncTest.swift */ = {isa = PBXFileReference; fileEncoding = 4; lastKnownFileType = sourcecode.swift; path = "XCTestCase+AsyncTest.swift"; sourceTree = "<group>"; };
		33478CE629BE80430097ECC2 /* Users.json */ = {isa = PBXFileReference; fileEncoding = 4; lastKnownFileType = text.json; path = Users.json; sourceTree = "<group>"; };
		33478CE729BE80430097ECC2 /* NoUsers.json */ = {isa = PBXFileReference; fileEncoding = 4; lastKnownFileType = text.json; path = NoUsers.json; sourceTree = "<group>"; };
		33478CEB29BE8A850097ECC2 /* UserTests.swift */ = {isa = PBXFileReference; fileEncoding = 4; lastKnownFileType = sourcecode.swift; path = UserTests.swift; sourceTree = "<group>"; };
		33478CED29BE93870097ECC2 /* WebUsersRepositoryTests.swift */ = {isa = PBXFileReference; fileEncoding = 4; lastKnownFileType = sourcecode.swift; path = WebUsersRepositoryTests.swift; sourceTree = "<group>"; };
		33478CEF29BF94BE0097ECC2 /* DataProviderProtocol.swift */ = {isa = PBXFileReference; lastKnownFileType = sourcecode.swift; path = DataProviderProtocol.swift; sourceTree = "<group>"; };
		33478CF229BF9CE80097ECC2 /* MockDataProvider.swift */ = {isa = PBXFileReference; lastKnownFileType = sourcecode.swift; path = MockDataProvider.swift; sourceTree = "<group>"; };
		33478CFA29BFE12C0097ECC2 /* MockCoreDataPostsRepository.swift */ = {isa = PBXFileReference; lastKnownFileType = sourcecode.swift; path = MockCoreDataPostsRepository.swift; sourceTree = "<group>"; };
		33478CFC29BFE16E0097ECC2 /* MockCoreDataUsersRepository.swift */ = {isa = PBXFileReference; lastKnownFileType = sourcecode.swift; path = MockCoreDataUsersRepository.swift; sourceTree = "<group>"; };
		33478CFE29C155280097ECC2 /* MockNoDataProvider.swift */ = {isa = PBXFileReference; lastKnownFileType = sourcecode.swift; path = MockNoDataProvider.swift; sourceTree = "<group>"; };
		33478D0229C1B7E00097ECC2 /* MockNoCoreDataPostsRepository.swift */ = {isa = PBXFileReference; fileEncoding = 4; lastKnownFileType = sourcecode.swift; path = MockNoCoreDataPostsRepository.swift; sourceTree = "<group>"; };
		33478D0329C1B7E00097ECC2 /* MockNoCoreDataUsersRepository.swift */ = {isa = PBXFileReference; fileEncoding = 4; lastKnownFileType = sourcecode.swift; path = MockNoCoreDataUsersRepository.swift; sourceTree = "<group>"; };
		3372223629BCF45200332FA7 /* CoreDataManager.swift */ = {isa = PBXFileReference; lastKnownFileType = sourcecode.swift; path = CoreDataManager.swift; sourceTree = "<group>"; };
		3372223829BDD7C700332FA7 /* DataProvider.swift */ = {isa = PBXFileReference; lastKnownFileType = sourcecode.swift; path = DataProvider.swift; sourceTree = "<group>"; };
		3372223A29BDFB7700332FA7 /* ProxyLogger.swift */ = {isa = PBXFileReference; lastKnownFileType = sourcecode.swift; path = ProxyLogger.swift; sourceTree = "<group>"; };
		3372223D29BDFF2100332FA7 /* LoggerProtocol.swift */ = {isa = PBXFileReference; lastKnownFileType = sourcecode.swift; path = LoggerProtocol.swift; sourceTree = "<group>"; };
		3372223F29BDFF3A00332FA7 /* LogLevel.swift */ = {isa = PBXFileReference; lastKnownFileType = sourcecode.swift; path = LogLevel.swift; sourceTree = "<group>"; };
		33A6E2EA29BA662400FA2398 /* PostsList.app */ = {isa = PBXFileReference; explicitFileType = wrapper.application; includeInIndex = 0; path = PostsList.app; sourceTree = BUILT_PRODUCTS_DIR; };
		33A6E2ED29BA662400FA2398 /* AppDelegate.swift */ = {isa = PBXFileReference; lastKnownFileType = sourcecode.swift; path = AppDelegate.swift; sourceTree = "<group>"; };
		33A6E2EF29BA662400FA2398 /* SceneDelegate.swift */ = {isa = PBXFileReference; lastKnownFileType = sourcecode.swift; path = SceneDelegate.swift; sourceTree = "<group>"; };
		33A6E2F729BA662400FA2398 /* PostsList.xcdatamodel */ = {isa = PBXFileReference; lastKnownFileType = wrapper.xcdatamodel; path = PostsList.xcdatamodel; sourceTree = "<group>"; };
		33A6E2F929BA662700FA2398 /* Assets.xcassets */ = {isa = PBXFileReference; lastKnownFileType = folder.assetcatalog; path = Assets.xcassets; sourceTree = "<group>"; };
		33A6E2FC29BA662700FA2398 /* Base */ = {isa = PBXFileReference; lastKnownFileType = file.storyboard; name = Base; path = Base.lproj/LaunchScreen.storyboard; sourceTree = "<group>"; };
		33A6E2FE29BA662700FA2398 /* Info.plist */ = {isa = PBXFileReference; lastKnownFileType = text.plist.xml; path = Info.plist; sourceTree = "<group>"; };
		33A6E30329BA662800FA2398 /* PostsListTests.xctest */ = {isa = PBXFileReference; explicitFileType = wrapper.cfbundle; includeInIndex = 0; path = PostsListTests.xctest; sourceTree = BUILT_PRODUCTS_DIR; };
		33A6E30729BA662800FA2398 /* PostsListTests.swift */ = {isa = PBXFileReference; lastKnownFileType = sourcecode.swift; path = PostsListTests.swift; sourceTree = "<group>"; };
		33A6E30D29BA662800FA2398 /* PostsListUITests.xctest */ = {isa = PBXFileReference; explicitFileType = wrapper.cfbundle; includeInIndex = 0; path = PostsListUITests.xctest; sourceTree = BUILT_PRODUCTS_DIR; };
		33A6E31129BA662800FA2398 /* PostsListUITests.swift */ = {isa = PBXFileReference; lastKnownFileType = sourcecode.swift; path = PostsListUITests.swift; sourceTree = "<group>"; };
		33A6E31329BA662800FA2398 /* PostsListUITestsLaunchTests.swift */ = {isa = PBXFileReference; lastKnownFileType = sourcecode.swift; path = PostsListUITestsLaunchTests.swift; sourceTree = "<group>"; };
		33A6E37B29BB4CBA00FA2398 /* BasePresenterIO.swift */ = {isa = PBXFileReference; fileEncoding = 4; lastKnownFileType = sourcecode.swift; path = BasePresenterIO.swift; sourceTree = "<group>"; };
		33A6E37C29BB4CBA00FA2398 /* CellReusable.swift */ = {isa = PBXFileReference; fileEncoding = 4; lastKnownFileType = sourcecode.swift; path = CellReusable.swift; sourceTree = "<group>"; };
		33A6E37E29BB4CBA00FA2398 /* Strings.swift */ = {isa = PBXFileReference; fileEncoding = 4; lastKnownFileType = sourcecode.swift; path = Strings.swift; sourceTree = "<group>"; };
		33A6E37F29BB4CBA00FA2398 /* Localizable.strings */ = {isa = PBXFileReference; fileEncoding = 4; lastKnownFileType = text.plist.strings; path = Localizable.strings; sourceTree = "<group>"; };
		33A6E38129BB4CBA00FA2398 /* NotificationName.swift */ = {isa = PBXFileReference; fileEncoding = 4; lastKnownFileType = sourcecode.swift; path = NotificationName.swift; sourceTree = "<group>"; };
		33A6E38329BB4CBA00FA2398 /* Reachability.swift */ = {isa = PBXFileReference; fileEncoding = 4; lastKnownFileType = sourcecode.swift; path = Reachability.swift; sourceTree = "<group>"; };
		33A6E38429BB4CBA00FA2398 /* UITableView+EmptyState.swift */ = {isa = PBXFileReference; fileEncoding = 4; lastKnownFileType = sourcecode.swift; path = "UITableView+EmptyState.swift"; sourceTree = "<group>"; };
		33A6E38529BB4CBA00FA2398 /* UIView+Loading.swift */ = {isa = PBXFileReference; fileEncoding = 4; lastKnownFileType = sourcecode.swift; path = "UIView+Loading.swift"; sourceTree = "<group>"; };
		33A6E38629BB4CBA00FA2398 /* UITableView+ReusableCell.swift */ = {isa = PBXFileReference; fileEncoding = 4; lastKnownFileType = sourcecode.swift; path = "UITableView+ReusableCell.swift"; sourceTree = "<group>"; };
		33A6E38829BB4CBA00FA2398 /* User.swift */ = {isa = PBXFileReference; fileEncoding = 4; lastKnownFileType = sourcecode.swift; path = User.swift; sourceTree = "<group>"; };
		33A6E38929BB4CBA00FA2398 /* Post.swift */ = {isa = PBXFileReference; fileEncoding = 4; lastKnownFileType = sourcecode.swift; path = Post.swift; sourceTree = "<group>"; };
		33A6E38B29BB4CBA00FA2398 /* EmptyPlaceHolderView.swift */ = {isa = PBXFileReference; fileEncoding = 4; lastKnownFileType = sourcecode.swift; path = EmptyPlaceHolderView.swift; sourceTree = "<group>"; };
		33A6E38D29BB4CBA00FA2398 /* APIClient.swift */ = {isa = PBXFileReference; fileEncoding = 4; lastKnownFileType = sourcecode.swift; path = APIClient.swift; sourceTree = "<group>"; };
		33A6E39229BB4CBA00FA2398 /* WebPostsRepository.swift */ = {isa = PBXFileReference; fileEncoding = 4; lastKnownFileType = sourcecode.swift; path = WebPostsRepository.swift; sourceTree = "<group>"; };
		33A6E39329BB4CBA00FA2398 /* PostsRepository.swift */ = {isa = PBXFileReference; fileEncoding = 4; lastKnownFileType = sourcecode.swift; path = PostsRepository.swift; sourceTree = "<group>"; };
		33A6E39429BB4CBA00FA2398 /* APILinksFactory.swift */ = {isa = PBXFileReference; fileEncoding = 4; lastKnownFileType = sourcecode.swift; path = APILinksFactory.swift; sourceTree = "<group>"; };
		33A6E39629BB4CBB00FA2398 /* EntryPoint.swift */ = {isa = PBXFileReference; fileEncoding = 4; lastKnownFileType = sourcecode.swift; path = EntryPoint.swift; sourceTree = "<group>"; };
		33A6E39729BB4CBB00FA2398 /* AppAppearance.swift */ = {isa = PBXFileReference; fileEncoding = 4; lastKnownFileType = sourcecode.swift; path = AppAppearance.swift; sourceTree = "<group>"; };
		33A6E39829BB4CBB00FA2398 /* PostsListError.swift */ = {isa = PBXFileReference; fileEncoding = 4; lastKnownFileType = sourcecode.swift; path = PostsListError.swift; sourceTree = "<group>"; };
		33A6E39C29BB4CBB00FA2398 /* PostsTableViewDataSource.swift */ = {isa = PBXFileReference; fileEncoding = 4; lastKnownFileType = sourcecode.swift; path = PostsTableViewDataSource.swift; sourceTree = "<group>"; };
		33A6E39D29BB4CBB00FA2398 /* TableViewSectionType.swift */ = {isa = PBXFileReference; fileEncoding = 4; lastKnownFileType = sourcecode.swift; path = TableViewSectionType.swift; sourceTree = "<group>"; };
		33A6E39F29BB4CBB00FA2398 /* GeneralTableHeader.swift */ = {isa = PBXFileReference; fileEncoding = 4; lastKnownFileType = sourcecode.swift; path = GeneralTableHeader.swift; sourceTree = "<group>"; };
		33A6E3A029BB4CBB00FA2398 /* PostTableViewCell.swift */ = {isa = PBXFileReference; fileEncoding = 4; lastKnownFileType = sourcecode.swift; path = PostTableViewCell.swift; sourceTree = "<group>"; };
		33A6E3A129BB4CBB00FA2398 /* PostsListViewController.swift */ = {isa = PBXFileReference; fileEncoding = 4; lastKnownFileType = sourcecode.swift; path = PostsListViewController.swift; sourceTree = "<group>"; };
		33A6E3A229BB4CBB00FA2398 /* PostsListRouter.swift */ = {isa = PBXFileReference; fileEncoding = 4; lastKnownFileType = sourcecode.swift; path = PostsListRouter.swift; sourceTree = "<group>"; };
		33A6E3A329BB4CBB00FA2398 /* PostsListBuilder.swift */ = {isa = PBXFileReference; fileEncoding = 4; lastKnownFileType = sourcecode.swift; path = PostsListBuilder.swift; sourceTree = "<group>"; };
		33A6E3A429BB4CBB00FA2398 /* PostsListPresenter.swift */ = {isa = PBXFileReference; fileEncoding = 4; lastKnownFileType = sourcecode.swift; path = PostsListPresenter.swift; sourceTree = "<group>"; };
		33A6E3A629BB4CBB00FA2398 /* PostDetailsBuilder.swift */ = {isa = PBXFileReference; fileEncoding = 4; lastKnownFileType = sourcecode.swift; path = PostDetailsBuilder.swift; sourceTree = "<group>"; };
		33A6E3A729BB4CBB00FA2398 /* PostDetailsPresenter.swift */ = {isa = PBXFileReference; fileEncoding = 4; lastKnownFileType = sourcecode.swift; path = PostDetailsPresenter.swift; sourceTree = "<group>"; };
		33A6E3A829BB4CBB00FA2398 /* PostDetailsViewController.swift */ = {isa = PBXFileReference; fileEncoding = 4; lastKnownFileType = sourcecode.swift; path = PostDetailsViewController.swift; sourceTree = "<group>"; };
		33A6E3E529BB65BD00FA2398 /* CompanyDAO.swift */ = {isa = PBXFileReference; fileEncoding = 4; lastKnownFileType = sourcecode.swift; path = CompanyDAO.swift; sourceTree = "<group>"; };
		33A6E3E729BB65BD00FA2398 /* GeoDAO.swift */ = {isa = PBXFileReference; fileEncoding = 4; lastKnownFileType = sourcecode.swift; path = GeoDAO.swift; sourceTree = "<group>"; };
		33A6E3EB29BB65BD00FA2398 /* AddressDAO.swift */ = {isa = PBXFileReference; fileEncoding = 4; lastKnownFileType = sourcecode.swift; path = AddressDAO.swift; sourceTree = "<group>"; };
		33A6E3ED29BB65BD00FA2398 /* UserDAO.swift */ = {isa = PBXFileReference; fileEncoding = 4; lastKnownFileType = sourcecode.swift; path = UserDAO.swift; sourceTree = "<group>"; };
		33A6E3EE29BB65BD00FA2398 /* PostDAO.swift */ = {isa = PBXFileReference; fileEncoding = 4; lastKnownFileType = sourcecode.swift; path = PostDAO.swift; sourceTree = "<group>"; };
		33A6E3F929BB6E8E00FA2398 /* Company.swift */ = {isa = PBXFileReference; lastKnownFileType = sourcecode.swift; path = Company.swift; sourceTree = "<group>"; };
		33A6E3FB29BB6EC900FA2398 /* Address.swift */ = {isa = PBXFileReference; lastKnownFileType = sourcecode.swift; path = Address.swift; sourceTree = "<group>"; };
		33A6E3FD29BB70FC00FA2398 /* Geo.swift */ = {isa = PBXFileReference; lastKnownFileType = sourcecode.swift; path = Geo.swift; sourceTree = "<group>"; };
		33D614B329C1EF4F00E9ABB3 /* EmptyPlaceHolderViewTests.swift */ = {isa = PBXFileReference; fileEncoding = 4; lastKnownFileType = sourcecode.swift; path = EmptyPlaceHolderViewTests.swift; sourceTree = "<group>"; };
		33D614B429C1EF4F00E9ABB3 /* UIView+LoadingTests.swift */ = {isa = PBXFileReference; fileEncoding = 4; lastKnownFileType = sourcecode.swift; path = "UIView+LoadingTests.swift"; sourceTree = "<group>"; };
		33D614B829C24CDE00E9ABB3 /* UserDTO.swift */ = {isa = PBXFileReference; lastKnownFileType = sourcecode.swift; path = UserDTO.swift; sourceTree = "<group>"; };
		33D614BB29C24D6F00E9ABB3 /* PostDTO.swift */ = {isa = PBXFileReference; lastKnownFileType = sourcecode.swift; path = PostDTO.swift; sourceTree = "<group>"; };
		33D614C029C24F1E00E9ABB3 /* GeoDTO.swift */ = {isa = PBXFileReference; lastKnownFileType = sourcecode.swift; path = GeoDTO.swift; sourceTree = "<group>"; };
		33D614C229C2536400E9ABB3 /* AddressDTO.swift */ = {isa = PBXFileReference; lastKnownFileType = sourcecode.swift; path = AddressDTO.swift; sourceTree = "<group>"; };
		33D614C429C2549500E9ABB3 /* CompanyDTO.swift */ = {isa = PBXFileReference; lastKnownFileType = sourcecode.swift; path = CompanyDTO.swift; sourceTree = "<group>"; };
		33F68CBD29BB9D7900534860 /* UsersRepository.swift */ = {isa = PBXFileReference; lastKnownFileType = sourcecode.swift; path = UsersRepository.swift; sourceTree = "<group>"; };
		33F68CC029BB9E0700534860 /* WebUsersRepository.swift */ = {isa = PBXFileReference; lastKnownFileType = sourcecode.swift; path = WebUsersRepository.swift; sourceTree = "<group>"; };
		33F68CC229BC0E8E00534860 /* CoreDataPostsRepository.swift */ = {isa = PBXFileReference; lastKnownFileType = sourcecode.swift; path = CoreDataPostsRepository.swift; sourceTree = "<group>"; };
		33F68CC429BC0F1200534860 /* CoreDataUsersRepository.swift */ = {isa = PBXFileReference; lastKnownFileType = sourcecode.swift; path = CoreDataUsersRepository.swift; sourceTree = "<group>"; };
/* End PBXFileReference section */

/* Begin PBXFrameworksBuildPhase section */
		33A6E2E729BA662400FA2398 /* Frameworks */ = {
			isa = PBXFrameworksBuildPhase;
			buildActionMask = 2147483647;
			files = (
				33A6E3CC29BB4EBD00FA2398 /* SwiftMessages in Frameworks */,
			);
			runOnlyForDeploymentPostprocessing = 0;
		};
		33A6E30029BA662800FA2398 /* Frameworks */ = {
			isa = PBXFrameworksBuildPhase;
			buildActionMask = 2147483647;
			files = (
				33478CF929BFA26B0097ECC2 /* SnapshotTesting in Frameworks */,
			);
			runOnlyForDeploymentPostprocessing = 0;
		};
		33A6E30A29BA662800FA2398 /* Frameworks */ = {
			isa = PBXFrameworksBuildPhase;
			buildActionMask = 2147483647;
			files = (
			);
			runOnlyForDeploymentPostprocessing = 0;
		};
/* End PBXFrameworksBuildPhase section */

/* Begin PBXGroup section */
		33478CB329BE7BE40097ECC2 /* Mocker */ = {
			isa = PBXGroup;
			children = (
				33478CB429BE7BE40097ECC2 /* NetworkMock.swift */,
				33478CB529BE7BE40097ECC2 /* MockReachability.swift */,
				33478D0129C1B7E00097ECC2 /* MockNoCoreData */,
				33478D0029C1B7CA0097ECC2 /* MockCoreData */,
			);
			path = Mocker;
			sourceTree = "<group>";
		};
		33478CBA29BE7BE50097ECC2 /* DataLoader */ = {
			isa = PBXGroup;
			children = (
				33478CE529BE7FC90097ECC2 /* Users */,
				33478CE429BE7FAA0097ECC2 /* Posts */,
				33478CBD29BE7BE50097ECC2 /* DataLoader.swift */,
			);
			path = DataLoader;
			sourceTree = "<group>";
		};
		33478CBF29BE7BE50097ECC2 /* SnapshotTests */ = {
			isa = PBXGroup;
			children = (
				33478CC129BE7BE50097ECC2 /* PostsListViewControllerTests.swift */,
			);
			path = SnapshotTests;
			sourceTree = "<group>";
		};
		33478CE429BE7FAA0097ECC2 /* Posts */ = {
			isa = PBXGroup;
			children = (
				33478CBB29BE7BE50097ECC2 /* Posts.json */,
				33478CBC29BE7BE50097ECC2 /* NoPosts.json */,
			);
			path = Posts;
			sourceTree = "<group>";
		};
		33478CE529BE7FC90097ECC2 /* Users */ = {
			isa = PBXGroup;
			children = (
				33478CE729BE80430097ECC2 /* NoUsers.json */,
				33478CE629BE80430097ECC2 /* Users.json */,
			);
			path = Users;
			sourceTree = "<group>";
		};
		33478CEA29BE8A580097ECC2 /* TestModels */ = {
			isa = PBXGroup;
			children = (
				33478CBE29BE7BE50097ECC2 /* PostTests.swift */,
				33478CEB29BE8A850097ECC2 /* UserTests.swift */,
			);
			path = TestModels;
			sourceTree = "<group>";
		};
		33478CF129BF94FB0097ECC2 /* DataProvider */ = {
			isa = PBXGroup;
			children = (
				33478CEF29BF94BE0097ECC2 /* DataProviderProtocol.swift */,
				3372223829BDD7C700332FA7 /* DataProvider.swift */,
			);
			path = DataProvider;
			sourceTree = "<group>";
		};
		33478D0029C1B7CA0097ECC2 /* MockCoreData */ = {
			isa = PBXGroup;
			children = (
				33478CF229BF9CE80097ECC2 /* MockDataProvider.swift */,
				33478CFA29BFE12C0097ECC2 /* MockCoreDataPostsRepository.swift */,
				33478CFC29BFE16E0097ECC2 /* MockCoreDataUsersRepository.swift */,
			);
			path = MockCoreData;
			sourceTree = "<group>";
		};
		33478D0129C1B7E00097ECC2 /* MockNoCoreData */ = {
			isa = PBXGroup;
			children = (
				33478CFE29C155280097ECC2 /* MockNoDataProvider.swift */,
				33478D0229C1B7E00097ECC2 /* MockNoCoreDataPostsRepository.swift */,
				33478D0329C1B7E00097ECC2 /* MockNoCoreDataUsersRepository.swift */,
			);
			path = MockNoCoreData;
			sourceTree = "<group>";
		};
		3372223C29BDFF1100332FA7 /* Logger */ = {
			isa = PBXGroup;
			children = (
				3372223D29BDFF2100332FA7 /* LoggerProtocol.swift */,
				3372223F29BDFF3A00332FA7 /* LogLevel.swift */,
				3372223A29BDFB7700332FA7 /* ProxyLogger.swift */,
			);
			path = Logger;
			sourceTree = "<group>";
		};
		3372224129BDFF6C00332FA7 /* Utils ⚙️ */ = {
			isa = PBXGroup;
			children = (
				33A6E38329BB4CBA00FA2398 /* Reachability.swift */,
				3372223C29BDFF1100332FA7 /* Logger */,
			);
			path = "Utils ⚙️";
			sourceTree = "<group>";
		};
		33A6E2E129BA662400FA2398 = {
			isa = PBXGroup;
			children = (
				33A6E2EC29BA662400FA2398 /* PostsList */,
				33A6E30629BA662800FA2398 /* PostsListTests */,
				33A6E31029BA662800FA2398 /* PostsListUITests */,
				33A6E2EB29BA662400FA2398 /* Products */,
			);
			sourceTree = "<group>";
		};
		33A6E2EB29BA662400FA2398 /* Products */ = {
			isa = PBXGroup;
			children = (
				33A6E2EA29BA662400FA2398 /* PostsList.app */,
				33A6E30329BA662800FA2398 /* PostsListTests.xctest */,
				33A6E30D29BA662800FA2398 /* PostsListUITests.xctest */,
			);
			name = Products;
			sourceTree = "<group>";
		};
		33A6E2EC29BA662400FA2398 /* PostsList */ = {
			isa = PBXGroup;
			children = (
				33A6E2ED29BA662400FA2398 /* AppDelegate.swift */,
				33A6E2EF29BA662400FA2398 /* SceneDelegate.swift */,
				33A6E39529BB4CBB00FA2398 /* App */,
				33A6E37D29BB4CBA00FA2398 /* Strings */,
				3372224129BDFF6C00332FA7 /* Utils ⚙️ */,
				33A6E38029BB4CBA00FA2398 /* Extension */,
				33A6E38A29BB4CBA00FA2398 /* SharedViews */,
				33A6E38729BB4CBA00FA2398 /* Models */,
				33A6E38C29BB4CBA00FA2398 /* DataAccessLayer */,
				33A6E37A29BB4CBA00FA2398 /* Protocol */,
				33A6E39929BB4CBB00FA2398 /* Scene */,
				33A6E2F929BA662700FA2398 /* Assets.xcassets */,
				33A6E2FB29BA662700FA2398 /* LaunchScreen.storyboard */,
				33A6E2FE29BA662700FA2398 /* Info.plist */,
				33A6E2F629BA662400FA2398 /* PostsList.xcdatamodeld */,
			);
			path = PostsList;
			sourceTree = "<group>";
		};
		33A6E30629BA662800FA2398 /* PostsListTests */ = {
			isa = PBXGroup;
			children = (
				33D614B229C1EF4F00E9ABB3 /* ViewsTests */,
				33478CBA29BE7BE50097ECC2 /* DataLoader */,
				33478CEA29BE8A580097ECC2 /* TestModels */,
				33478CB329BE7BE40097ECC2 /* Mocker */,
				33478CBF29BE7BE50097ECC2 /* SnapshotTests */,
				33478CB729BE7BE50097ECC2 /* WebPostsRepositoryTests.swift */,
				33478CED29BE93870097ECC2 /* WebUsersRepositoryTests.swift */,
				33478CCC29BE7BE50097ECC2 /* XCTestCase+AsyncTest.swift */,
				33A6E30729BA662800FA2398 /* PostsListTests.swift */,
			);
			path = PostsListTests;
			sourceTree = "<group>";
		};
		33A6E31029BA662800FA2398 /* PostsListUITests */ = {
			isa = PBXGroup;
			children = (
				33A6E31129BA662800FA2398 /* PostsListUITests.swift */,
				33A6E31329BA662800FA2398 /* PostsListUITestsLaunchTests.swift */,
			);
			path = PostsListUITests;
			sourceTree = "<group>";
		};
		33A6E37A29BB4CBA00FA2398 /* Protocol */ = {
			isa = PBXGroup;
			children = (
				33A6E37B29BB4CBA00FA2398 /* BasePresenterIO.swift */,
				33A6E37C29BB4CBA00FA2398 /* CellReusable.swift */,
			);
			path = Protocol;
			sourceTree = "<group>";
		};
		33A6E37D29BB4CBA00FA2398 /* Strings */ = {
			isa = PBXGroup;
			children = (
				33A6E37E29BB4CBA00FA2398 /* Strings.swift */,
				33A6E37F29BB4CBA00FA2398 /* Localizable.strings */,
			);
			path = Strings;
			sourceTree = "<group>";
		};
		33A6E38029BB4CBA00FA2398 /* Extension */ = {
			isa = PBXGroup;
			children = (
				33A6E38129BB4CBA00FA2398 /* NotificationName.swift */,
				33A6E38529BB4CBA00FA2398 /* UIView+Loading.swift */,
				33A6E38429BB4CBA00FA2398 /* UITableView+EmptyState.swift */,
				33A6E38629BB4CBA00FA2398 /* UITableView+ReusableCell.swift */,
			);
			path = Extension;
			sourceTree = "<group>";
		};
		33A6E38729BB4CBA00FA2398 /* Models */ = {
			isa = PBXGroup;
			children = (
				33D614BF29C24DA900E9ABB3 /* Compant */,
				33D614BE29C24D9F00E9ABB3 /* Address */,
				33D614BD29C24D9600E9ABB3 /* Geo */,
				33D614B729C24CCC00E9ABB3 /* User */,
				33D614BA29C24CF400E9ABB3 /* Post */,
			);
			path = Models;
			sourceTree = "<group>";
		};
		33A6E38A29BB4CBA00FA2398 /* SharedViews */ = {
			isa = PBXGroup;
			children = (
				33A6E38B29BB4CBA00FA2398 /* EmptyPlaceHolderView.swift */,
			);
			path = SharedViews;
			sourceTree = "<group>";
		};
		33A6E38C29BB4CBA00FA2398 /* DataAccessLayer */ = {
			isa = PBXGroup;
			children = (
				33A6E39429BB4CBA00FA2398 /* APILinksFactory.swift */,
				3372223629BCF45200332FA7 /* CoreDataManager.swift */,
				33A6E38D29BB4CBA00FA2398 /* APIClient.swift */,
				33478CF129BF94FB0097ECC2 /* DataProvider */,
				33F68CBF29BB9DFF00534860 /* UsersRepository */,
				33A6E39129BB4CBA00FA2398 /* PostsRepository */,
			);
			path = DataAccessLayer;
			sourceTree = "<group>";
		};
		33A6E39129BB4CBA00FA2398 /* PostsRepository */ = {
			isa = PBXGroup;
			children = (
				33A6E39329BB4CBA00FA2398 /* PostsRepository.swift */,
				33A6E39229BB4CBA00FA2398 /* WebPostsRepository.swift */,
				33F68CC229BC0E8E00534860 /* CoreDataPostsRepository.swift */,
			);
			path = PostsRepository;
			sourceTree = "<group>";
		};
		33A6E39529BB4CBB00FA2398 /* App */ = {
			isa = PBXGroup;
			children = (
				3303499329F98403003367C2 /* AccessibilityIdentifiers.swift */,
				33A6E39629BB4CBB00FA2398 /* EntryPoint.swift */,
				33A6E39729BB4CBB00FA2398 /* AppAppearance.swift */,
				33A6E39829BB4CBB00FA2398 /* PostsListError.swift */,
			);
			path = App;
			sourceTree = "<group>";
		};
		33A6E39929BB4CBB00FA2398 /* Scene */ = {
			isa = PBXGroup;
			children = (
				33A6E39A29BB4CBB00FA2398 /* PostsList */,
				33A6E3A529BB4CBB00FA2398 /* PostDetails */,
			);
			path = Scene;
			sourceTree = "<group>";
		};
		33A6E39A29BB4CBB00FA2398 /* PostsList */ = {
			isa = PBXGroup;
			children = (
				33A6E39B29BB4CBB00FA2398 /* DataSource */,
				33A6E39E29BB4CBB00FA2398 /* Cells */,
				33A6E3A129BB4CBB00FA2398 /* PostsListViewController.swift */,
				33A6E3A229BB4CBB00FA2398 /* PostsListRouter.swift */,
				33A6E3A329BB4CBB00FA2398 /* PostsListBuilder.swift */,
				33A6E3A429BB4CBB00FA2398 /* PostsListPresenter.swift */,
				3303499129F8CA93003367C2 /* PostsUsecase.swift */,
			);
			path = PostsList;
			sourceTree = "<group>";
		};
		33A6E39B29BB4CBB00FA2398 /* DataSource */ = {
			isa = PBXGroup;
			children = (
				33A6E39C29BB4CBB00FA2398 /* PostsTableViewDataSource.swift */,
				33A6E39D29BB4CBB00FA2398 /* TableViewSectionType.swift */,
			);
			path = DataSource;
			sourceTree = "<group>";
		};
		33A6E39E29BB4CBB00FA2398 /* Cells */ = {
			isa = PBXGroup;
			children = (
				33A6E39F29BB4CBB00FA2398 /* GeneralTableHeader.swift */,
				33A6E3A029BB4CBB00FA2398 /* PostTableViewCell.swift */,
			);
			path = Cells;
			sourceTree = "<group>";
		};
		33A6E3A529BB4CBB00FA2398 /* PostDetails */ = {
			isa = PBXGroup;
			children = (
				33A6E3A629BB4CBB00FA2398 /* PostDetailsBuilder.swift */,
				33A6E3A729BB4CBB00FA2398 /* PostDetailsPresenter.swift */,
				33A6E3A829BB4CBB00FA2398 /* PostDetailsViewController.swift */,
			);
			path = PostDetails;
			sourceTree = "<group>";
		};
		33D614B229C1EF4F00E9ABB3 /* ViewsTests */ = {
			isa = PBXGroup;
			children = (
				33D614B329C1EF4F00E9ABB3 /* EmptyPlaceHolderViewTests.swift */,
				33D614B429C1EF4F00E9ABB3 /* UIView+LoadingTests.swift */,
			);
			path = ViewsTests;
			sourceTree = "<group>";
		};
		33D614B729C24CCC00E9ABB3 /* User */ = {
			isa = PBXGroup;
			children = (
				33A6E3ED29BB65BD00FA2398 /* UserDAO.swift */,
				33A6E38829BB4CBA00FA2398 /* User.swift */,
				33D614B829C24CDE00E9ABB3 /* UserDTO.swift */,
			);
			path = User;
			sourceTree = "<group>";
		};
		33D614BA29C24CF400E9ABB3 /* Post */ = {
			isa = PBXGroup;
			children = (
				33A6E3EE29BB65BD00FA2398 /* PostDAO.swift */,
				33A6E38929BB4CBA00FA2398 /* Post.swift */,
				33D614BB29C24D6F00E9ABB3 /* PostDTO.swift */,
			);
			path = Post;
			sourceTree = "<group>";
		};
		33D614BD29C24D9600E9ABB3 /* Geo */ = {
			isa = PBXGroup;
			children = (
				33A6E3E729BB65BD00FA2398 /* GeoDAO.swift */,
				33A6E3FD29BB70FC00FA2398 /* Geo.swift */,
				33D614C029C24F1E00E9ABB3 /* GeoDTO.swift */,
			);
			path = Geo;
			sourceTree = "<group>";
		};
		33D614BE29C24D9F00E9ABB3 /* Address */ = {
			isa = PBXGroup;
			children = (
				33A6E3EB29BB65BD00FA2398 /* AddressDAO.swift */,
				33A6E3FB29BB6EC900FA2398 /* Address.swift */,
				33D614C229C2536400E9ABB3 /* AddressDTO.swift */,
			);
			path = Address;
			sourceTree = "<group>";
		};
		33D614BF29C24DA900E9ABB3 /* Compant */ = {
			isa = PBXGroup;
			children = (
				33A6E3E529BB65BD00FA2398 /* CompanyDAO.swift */,
				33A6E3F929BB6E8E00FA2398 /* Company.swift */,
				33D614C429C2549500E9ABB3 /* CompanyDTO.swift */,
			);
			path = Compant;
			sourceTree = "<group>";
		};
		33F68CBF29BB9DFF00534860 /* UsersRepository */ = {
			isa = PBXGroup;
			children = (
				33F68CBD29BB9D7900534860 /* UsersRepository.swift */,
				33F68CC029BB9E0700534860 /* WebUsersRepository.swift */,
				33F68CC429BC0F1200534860 /* CoreDataUsersRepository.swift */,
			);
			path = UsersRepository;
			sourceTree = "<group>";
		};
/* End PBXGroup section */

/* Begin PBXNativeTarget section */
		33A6E2E929BA662400FA2398 /* PostsList */ = {
			isa = PBXNativeTarget;
			buildConfigurationList = 33A6E31729BA662800FA2398 /* Build configuration list for PBXNativeTarget "PostsList" */;
			buildPhases = (
				33A6E2E629BA662400FA2398 /* Sources */,
				33A6E2E729BA662400FA2398 /* Frameworks */,
				33A6E2E829BA662400FA2398 /* Resources */,
			);
			buildRules = (
			);
			dependencies = (
			);
			name = PostsList;
			packageProductDependencies = (
				33A6E3CB29BB4EBD00FA2398 /* SwiftMessages */,
			);
			productName = PostsList;
			productReference = 33A6E2EA29BA662400FA2398 /* PostsList.app */;
			productType = "com.apple.product-type.application";
		};
		33A6E30229BA662800FA2398 /* PostsListTests */ = {
			isa = PBXNativeTarget;
			buildConfigurationList = 33A6E31A29BA662800FA2398 /* Build configuration list for PBXNativeTarget "PostsListTests" */;
			buildPhases = (
				33A6E2FF29BA662800FA2398 /* Sources */,
				33A6E30029BA662800FA2398 /* Frameworks */,
				33A6E30129BA662800FA2398 /* Resources */,
			);
			buildRules = (
			);
			dependencies = (
				33A6E30529BA662800FA2398 /* PBXTargetDependency */,
			);
			name = PostsListTests;
			packageProductDependencies = (
				33478CF829BFA26B0097ECC2 /* SnapshotTesting */,
			);
			productName = PostsListTests;
			productReference = 33A6E30329BA662800FA2398 /* PostsListTests.xctest */;
			productType = "com.apple.product-type.bundle.unit-test";
		};
		33A6E30C29BA662800FA2398 /* PostsListUITests */ = {
			isa = PBXNativeTarget;
			buildConfigurationList = 33A6E31D29BA662800FA2398 /* Build configuration list for PBXNativeTarget "PostsListUITests" */;
			buildPhases = (
				33A6E30929BA662800FA2398 /* Sources */,
				33A6E30A29BA662800FA2398 /* Frameworks */,
				33A6E30B29BA662800FA2398 /* Resources */,
			);
			buildRules = (
			);
			dependencies = (
				33A6E30F29BA662800FA2398 /* PBXTargetDependency */,
			);
			name = PostsListUITests;
			productName = PostsListUITests;
			productReference = 33A6E30D29BA662800FA2398 /* PostsListUITests.xctest */;
			productType = "com.apple.product-type.bundle.ui-testing";
		};
/* End PBXNativeTarget section */

/* Begin PBXProject section */
		33A6E2E229BA662400FA2398 /* Project object */ = {
			isa = PBXProject;
			attributes = {
				BuildIndependentTargetsInParallel = 1;
				LastSwiftUpdateCheck = 1410;
				LastUpgradeCheck = 1410;
				TargetAttributes = {
					33A6E2E929BA662400FA2398 = {
						CreatedOnToolsVersion = 14.1;
					};
					33A6E30229BA662800FA2398 = {
						CreatedOnToolsVersion = 14.1;
						TestTargetID = 33A6E2E929BA662400FA2398;
					};
					33A6E30C29BA662800FA2398 = {
						CreatedOnToolsVersion = 14.1;
						TestTargetID = 33A6E2E929BA662400FA2398;
					};
				};
			};
			buildConfigurationList = 33A6E2E529BA662400FA2398 /* Build configuration list for PBXProject "PostsList" */;
			compatibilityVersion = "Xcode 14.0";
			developmentRegion = en;
			hasScannedForEncodings = 0;
			knownRegions = (
				en,
				Base,
			);
			mainGroup = 33A6E2E129BA662400FA2398;
			packageReferences = (
				33A6E3CA29BB4EBD00FA2398 /* XCRemoteSwiftPackageReference "SwiftMessages" */,
				33478CF729BFA26B0097ECC2 /* XCRemoteSwiftPackageReference "swift-snapshot-testing" */,
			);
			productRefGroup = 33A6E2EB29BA662400FA2398 /* Products */;
			projectDirPath = "";
			projectRoot = "";
			targets = (
				33A6E2E929BA662400FA2398 /* PostsList */,
				33A6E30229BA662800FA2398 /* PostsListTests */,
				33A6E30C29BA662800FA2398 /* PostsListUITests */,
			);
		};
/* End PBXProject section */

/* Begin PBXResourcesBuildPhase section */
		33A6E2E829BA662400FA2398 /* Resources */ = {
			isa = PBXResourcesBuildPhase;
			buildActionMask = 2147483647;
			files = (
				33A6E2FD29BA662700FA2398 /* LaunchScreen.storyboard in Resources */,
				33A6E3AC29BB4CBB00FA2398 /* Localizable.strings in Resources */,
				33A6E2FA29BA662700FA2398 /* Assets.xcassets in Resources */,
			);
			runOnlyForDeploymentPostprocessing = 0;
		};
		33A6E30129BA662800FA2398 /* Resources */ = {
			isa = PBXResourcesBuildPhase;
			buildActionMask = 2147483647;
			files = (
				33478CD629BE7BE60097ECC2 /* NoPosts.json in Resources */,
				33478CE929BE80440097ECC2 /* NoUsers.json in Resources */,
				33478CD529BE7BE60097ECC2 /* Posts.json in Resources */,
				33478CE829BE80440097ECC2 /* Users.json in Resources */,
			);
			runOnlyForDeploymentPostprocessing = 0;
		};
		33A6E30B29BA662800FA2398 /* Resources */ = {
			isa = PBXResourcesBuildPhase;
			buildActionMask = 2147483647;
			files = (
			);
			runOnlyForDeploymentPostprocessing = 0;
		};
/* End PBXResourcesBuildPhase section */

/* Begin PBXSourcesBuildPhase section */
		33A6E2E629BA662400FA2398 /* Sources */ = {
			isa = PBXSourcesBuildPhase;
			buildActionMask = 2147483647;
			files = (
				33A6E3C629BB4CBB00FA2398 /* PostsListPresenter.swift in Sources */,
				33A6E3FC29BB6EC900FA2398 /* Address.swift in Sources */,
				33A6E3BF29BB4CBB00FA2398 /* PostsTableViewDataSource.swift in Sources */,
				33A6E3B329BB4CBB00FA2398 /* User.swift in Sources */,
				33D614C129C24F1E00E9ABB3 /* GeoDTO.swift in Sources */,
				33A6E2EE29BA662400FA2398 /* AppDelegate.swift in Sources */,
				33A6E3B629BB4CBB00FA2398 /* APIClient.swift in Sources */,
				3303499229F8CA93003367C2 /* PostsUsecase.swift in Sources */,
				33A6E3C429BB4CBB00FA2398 /* PostsListRouter.swift in Sources */,
				33A6E3BC29BB4CBB00FA2398 /* EntryPoint.swift in Sources */,
				3372223729BCF45200332FA7 /* CoreDataManager.swift in Sources */,
				33A6E3F529BB65BD00FA2398 /* AddressDAO.swift in Sources */,
				33A6E3C929BB4CBB00FA2398 /* PostDetailsViewController.swift in Sources */,
				33A6E3C229BB4CBB00FA2398 /* PostTableViewCell.swift in Sources */,
				33A6E3BE29BB4CBB00FA2398 /* PostsListError.swift in Sources */,
				33A6E3BA29BB4CBB00FA2398 /* PostsRepository.swift in Sources */,
				33A6E3EF29BB65BD00FA2398 /* CompanyDAO.swift in Sources */,
				33A6E2F029BA662400FA2398 /* SceneDelegate.swift in Sources */,
				33A6E3C729BB4CBB00FA2398 /* PostDetailsBuilder.swift in Sources */,
				33A6E3AA29BB4CBB00FA2398 /* CellReusable.swift in Sources */,
				33A6E3B429BB4CBB00FA2398 /* Post.swift in Sources */,
				33A6E3F829BB65BD00FA2398 /* PostDAO.swift in Sources */,
				33A6E3F129BB65BD00FA2398 /* GeoDAO.swift in Sources */,
				33D614C529C2549500E9ABB3 /* CompanyDTO.swift in Sources */,
				33F68CC129BB9E0700534860 /* WebUsersRepository.swift in Sources */,
				33F68CC529BC0F1200534860 /* CoreDataUsersRepository.swift in Sources */,
				33A6E3B229BB4CBB00FA2398 /* UITableView+ReusableCell.swift in Sources */,
				33A6E3AD29BB4CBB00FA2398 /* NotificationName.swift in Sources */,
				33A6E3B529BB4CBB00FA2398 /* EmptyPlaceHolderView.swift in Sources */,
				33A6E3B029BB4CBB00FA2398 /* UITableView+EmptyState.swift in Sources */,
				33A6E3C529BB4CBB00FA2398 /* PostsListBuilder.swift in Sources */,
				33A6E3C129BB4CBB00FA2398 /* GeneralTableHeader.swift in Sources */,
				33A6E3C329BB4CBB00FA2398 /* PostsListViewController.swift in Sources */,
				33A6E3F729BB65BD00FA2398 /* UserDAO.swift in Sources */,
				33A6E3C829BB4CBB00FA2398 /* PostDetailsPresenter.swift in Sources */,
				33A6E3FA29BB6E8E00FA2398 /* Company.swift in Sources */,
				33478CF029BF94BE0097ECC2 /* DataProviderProtocol.swift in Sources */,
				33D614B929C24CDE00E9ABB3 /* UserDTO.swift in Sources */,
				33A6E3BD29BB4CBB00FA2398 /* AppAppearance.swift in Sources */,
				33F68CC329BC0E8E00534860 /* CoreDataPostsRepository.swift in Sources */,
				33A6E3BB29BB4CBB00FA2398 /* APILinksFactory.swift in Sources */,
				33A6E3B929BB4CBB00FA2398 /* WebPostsRepository.swift in Sources */,
				3372223E29BDFF2100332FA7 /* LoggerProtocol.swift in Sources */,
				33A6E3C029BB4CBB00FA2398 /* TableViewSectionType.swift in Sources */,
				33F68CBE29BB9D7900534860 /* UsersRepository.swift in Sources */,
				33A6E3AF29BB4CBB00FA2398 /* Reachability.swift in Sources */,
				33A6E2F829BA662400FA2398 /* PostsList.xcdatamodeld in Sources */,
				3372224029BDFF3A00332FA7 /* LogLevel.swift in Sources */,
				33A6E3B129BB4CBB00FA2398 /* UIView+Loading.swift in Sources */,
				33A6E3AB29BB4CBB00FA2398 /* Strings.swift in Sources */,
				3372223929BDD7C700332FA7 /* DataProvider.swift in Sources */,
				3372223B29BDFB7700332FA7 /* ProxyLogger.swift in Sources */,
				33A6E3A929BB4CBB00FA2398 /* BasePresenterIO.swift in Sources */,
				33D614C329C2536400E9ABB3 /* AddressDTO.swift in Sources */,
				3303499429F98403003367C2 /* AccessibilityIdentifiers.swift in Sources */,
				33D614BC29C24D6F00E9ABB3 /* PostDTO.swift in Sources */,
				33A6E3FE29BB70FC00FA2398 /* Geo.swift in Sources */,
			);
			runOnlyForDeploymentPostprocessing = 0;
		};
		33A6E2FF29BA662800FA2398 /* Sources */ = {
			isa = PBXSourcesBuildPhase;
			buildActionMask = 2147483647;
			files = (
				33478CE229BE7BE60097ECC2 /* XCTestCase+AsyncTest.swift in Sources */,
				33478D0429C1B7E00097ECC2 /* MockNoCoreDataPostsRepository.swift in Sources */,
				33478D0529C1B7E00097ECC2 /* MockNoCoreDataUsersRepository.swift in Sources */,
				33D614B629C1EF4F00E9ABB3 /* UIView+LoadingTests.swift in Sources */,
				33478CD829BE7BE60097ECC2 /* PostTests.swift in Sources */,
				33478CF329BF9CE80097ECC2 /* MockDataProvider.swift in Sources */,
				33478CD029BE7BE60097ECC2 /* MockReachability.swift in Sources */,
				33478CFB29BFE12C0097ECC2 /* MockCoreDataPostsRepository.swift in Sources */,
				33A6E30829BA662800FA2398 /* PostsListTests.swift in Sources */,
				33478CFF29C155280097ECC2 /* MockNoDataProvider.swift in Sources */,
				33478CDA29BE7BE60097ECC2 /* PostsListViewControllerTests.swift in Sources */,
				33478CCF29BE7BE60097ECC2 /* NetworkMock.swift in Sources */,
				33478CFD29BFE16E0097ECC2 /* MockCoreDataUsersRepository.swift in Sources */,
				33478CD229BE7BE60097ECC2 /* WebPostsRepositoryTests.swift in Sources */,
				33478CD729BE7BE60097ECC2 /* DataLoader.swift in Sources */,
				33D614B529C1EF4F00E9ABB3 /* EmptyPlaceHolderViewTests.swift in Sources */,
				33478CEC29BE8A850097ECC2 /* UserTests.swift in Sources */,
				33478CEE29BE93870097ECC2 /* WebUsersRepositoryTests.swift in Sources */,
			);
			runOnlyForDeploymentPostprocessing = 0;
		};
		33A6E30929BA662800FA2398 /* Sources */ = {
			isa = PBXSourcesBuildPhase;
			buildActionMask = 2147483647;
			files = (
				33A6E31429BA662800FA2398 /* PostsListUITestsLaunchTests.swift in Sources */,
				33A6E31229BA662800FA2398 /* PostsListUITests.swift in Sources */,
			);
			runOnlyForDeploymentPostprocessing = 0;
		};
/* End PBXSourcesBuildPhase section */

/* Begin PBXTargetDependency section */
		33A6E30529BA662800FA2398 /* PBXTargetDependency */ = {
			isa = PBXTargetDependency;
			target = 33A6E2E929BA662400FA2398 /* PostsList */;
			targetProxy = 33A6E30429BA662800FA2398 /* PBXContainerItemProxy */;
		};
		33A6E30F29BA662800FA2398 /* PBXTargetDependency */ = {
			isa = PBXTargetDependency;
			target = 33A6E2E929BA662400FA2398 /* PostsList */;
			targetProxy = 33A6E30E29BA662800FA2398 /* PBXContainerItemProxy */;
		};
/* End PBXTargetDependency section */

/* Begin PBXVariantGroup section */
		33A6E2FB29BA662700FA2398 /* LaunchScreen.storyboard */ = {
			isa = PBXVariantGroup;
			children = (
				33A6E2FC29BA662700FA2398 /* Base */,
			);
			name = LaunchScreen.storyboard;
			sourceTree = "<group>";
		};
/* End PBXVariantGroup section */

/* Begin XCBuildConfiguration section */
		33A6E31529BA662800FA2398 /* Debug */ = {
			isa = XCBuildConfiguration;
			buildSettings = {
				ALWAYS_SEARCH_USER_PATHS = NO;
				CLANG_ANALYZER_NONNULL = YES;
				CLANG_ANALYZER_NUMBER_OBJECT_CONVERSION = YES_AGGRESSIVE;
				CLANG_CXX_LANGUAGE_STANDARD = "gnu++20";
				CLANG_ENABLE_MODULES = YES;
				CLANG_ENABLE_OBJC_ARC = YES;
				CLANG_ENABLE_OBJC_WEAK = YES;
				CLANG_WARN_BLOCK_CAPTURE_AUTORELEASING = YES;
				CLANG_WARN_BOOL_CONVERSION = YES;
				CLANG_WARN_COMMA = YES;
				CLANG_WARN_CONSTANT_CONVERSION = YES;
				CLANG_WARN_DEPRECATED_OBJC_IMPLEMENTATIONS = YES;
				CLANG_WARN_DIRECT_OBJC_ISA_USAGE = YES_ERROR;
				CLANG_WARN_DOCUMENTATION_COMMENTS = YES;
				CLANG_WARN_EMPTY_BODY = YES;
				CLANG_WARN_ENUM_CONVERSION = YES;
				CLANG_WARN_INFINITE_RECURSION = YES;
				CLANG_WARN_INT_CONVERSION = YES;
				CLANG_WARN_NON_LITERAL_NULL_CONVERSION = YES;
				CLANG_WARN_OBJC_IMPLICIT_RETAIN_SELF = YES;
				CLANG_WARN_OBJC_LITERAL_CONVERSION = YES;
				CLANG_WARN_OBJC_ROOT_CLASS = YES_ERROR;
				CLANG_WARN_QUOTED_INCLUDE_IN_FRAMEWORK_HEADER = YES;
				CLANG_WARN_RANGE_LOOP_ANALYSIS = YES;
				CLANG_WARN_STRICT_PROTOTYPES = YES;
				CLANG_WARN_SUSPICIOUS_MOVE = YES;
				CLANG_WARN_UNGUARDED_AVAILABILITY = YES_AGGRESSIVE;
				CLANG_WARN_UNREACHABLE_CODE = YES;
				CLANG_WARN__DUPLICATE_METHOD_MATCH = YES;
				COPY_PHASE_STRIP = NO;
				DEBUG_INFORMATION_FORMAT = dwarf;
				ENABLE_STRICT_OBJC_MSGSEND = YES;
				ENABLE_TESTABILITY = YES;
				GCC_C_LANGUAGE_STANDARD = gnu11;
				GCC_DYNAMIC_NO_PIC = NO;
				GCC_NO_COMMON_BLOCKS = YES;
				GCC_OPTIMIZATION_LEVEL = 0;
				GCC_PREPROCESSOR_DEFINITIONS = (
					"DEBUG=1",
					"$(inherited)",
				);
				GCC_WARN_64_TO_32_BIT_CONVERSION = YES;
				GCC_WARN_ABOUT_RETURN_TYPE = YES_ERROR;
				GCC_WARN_UNDECLARED_SELECTOR = YES;
				GCC_WARN_UNINITIALIZED_AUTOS = YES_AGGRESSIVE;
				GCC_WARN_UNUSED_FUNCTION = YES;
				GCC_WARN_UNUSED_VARIABLE = YES;
				IPHONEOS_DEPLOYMENT_TARGET = 15.0;
				MTL_ENABLE_DEBUG_INFO = INCLUDE_SOURCE;
				MTL_FAST_MATH = YES;
				ONLY_ACTIVE_ARCH = YES;
				SDKROOT = iphoneos;
				SWIFT_ACTIVE_COMPILATION_CONDITIONS = DEBUG;
				SWIFT_OPTIMIZATION_LEVEL = "-Onone";
			};
			name = Debug;
		};
		33A6E31629BA662800FA2398 /* Release */ = {
			isa = XCBuildConfiguration;
			buildSettings = {
				ALWAYS_SEARCH_USER_PATHS = NO;
				CLANG_ANALYZER_NONNULL = YES;
				CLANG_ANALYZER_NUMBER_OBJECT_CONVERSION = YES_AGGRESSIVE;
				CLANG_CXX_LANGUAGE_STANDARD = "gnu++20";
				CLANG_ENABLE_MODULES = YES;
				CLANG_ENABLE_OBJC_ARC = YES;
				CLANG_ENABLE_OBJC_WEAK = YES;
				CLANG_WARN_BLOCK_CAPTURE_AUTORELEASING = YES;
				CLANG_WARN_BOOL_CONVERSION = YES;
				CLANG_WARN_COMMA = YES;
				CLANG_WARN_CONSTANT_CONVERSION = YES;
				CLANG_WARN_DEPRECATED_OBJC_IMPLEMENTATIONS = YES;
				CLANG_WARN_DIRECT_OBJC_ISA_USAGE = YES_ERROR;
				CLANG_WARN_DOCUMENTATION_COMMENTS = YES;
				CLANG_WARN_EMPTY_BODY = YES;
				CLANG_WARN_ENUM_CONVERSION = YES;
				CLANG_WARN_INFINITE_RECURSION = YES;
				CLANG_WARN_INT_CONVERSION = YES;
				CLANG_WARN_NON_LITERAL_NULL_CONVERSION = YES;
				CLANG_WARN_OBJC_IMPLICIT_RETAIN_SELF = YES;
				CLANG_WARN_OBJC_LITERAL_CONVERSION = YES;
				CLANG_WARN_OBJC_ROOT_CLASS = YES_ERROR;
				CLANG_WARN_QUOTED_INCLUDE_IN_FRAMEWORK_HEADER = YES;
				CLANG_WARN_RANGE_LOOP_ANALYSIS = YES;
				CLANG_WARN_STRICT_PROTOTYPES = YES;
				CLANG_WARN_SUSPICIOUS_MOVE = YES;
				CLANG_WARN_UNGUARDED_AVAILABILITY = YES_AGGRESSIVE;
				CLANG_WARN_UNREACHABLE_CODE = YES;
				CLANG_WARN__DUPLICATE_METHOD_MATCH = YES;
				COPY_PHASE_STRIP = NO;
				DEBUG_INFORMATION_FORMAT = "dwarf-with-dsym";
				ENABLE_NS_ASSERTIONS = NO;
				ENABLE_STRICT_OBJC_MSGSEND = YES;
				GCC_C_LANGUAGE_STANDARD = gnu11;
				GCC_NO_COMMON_BLOCKS = YES;
				GCC_WARN_64_TO_32_BIT_CONVERSION = YES;
				GCC_WARN_ABOUT_RETURN_TYPE = YES_ERROR;
				GCC_WARN_UNDECLARED_SELECTOR = YES;
				GCC_WARN_UNINITIALIZED_AUTOS = YES_AGGRESSIVE;
				GCC_WARN_UNUSED_FUNCTION = YES;
				GCC_WARN_UNUSED_VARIABLE = YES;
				IPHONEOS_DEPLOYMENT_TARGET = 15.0;
				MTL_ENABLE_DEBUG_INFO = NO;
				MTL_FAST_MATH = YES;
				SDKROOT = iphoneos;
				SWIFT_COMPILATION_MODE = wholemodule;
				SWIFT_OPTIMIZATION_LEVEL = "-O";
				VALIDATE_PRODUCT = YES;
			};
			name = Release;
		};
		33A6E31829BA662800FA2398 /* Debug */ = {
			isa = XCBuildConfiguration;
			buildSettings = {
				ASSETCATALOG_COMPILER_APPICON_NAME = AppIcon;
				ASSETCATALOG_COMPILER_GLOBAL_ACCENT_COLOR_NAME = AccentColor;
				CODE_SIGN_STYLE = Automatic;
				CURRENT_PROJECT_VERSION = 1;
				DEVELOPMENT_TEAM = 75HW37487N;
				GENERATE_INFOPLIST_FILE = YES;
				INFOPLIST_FILE = PostsList/Info.plist;
				INFOPLIST_KEY_UIApplicationSupportsIndirectInputEvents = YES;
				INFOPLIST_KEY_UILaunchStoryboardName = LaunchScreen;
				INFOPLIST_KEY_UISupportedInterfaceOrientations = UIInterfaceOrientationPortrait;
				INFOPLIST_KEY_UISupportedInterfaceOrientations_iPad = "UIInterfaceOrientationLandscapeLeft UIInterfaceOrientationLandscapeRight UIInterfaceOrientationPortrait UIInterfaceOrientationPortraitUpsideDown";
				IPHONEOS_DEPLOYMENT_TARGET = 15.0;
				LD_RUNPATH_SEARCH_PATHS = (
					"$(inherited)",
					"@executable_path/Frameworks",
				);
				MARKETING_VERSION = 1.0;
				PRODUCT_BUNDLE_IDENTIFIER = dimohamdy.PostsList;
				PRODUCT_NAME = "$(TARGET_NAME)";
				SWIFT_EMIT_LOC_STRINGS = YES;
				SWIFT_VERSION = 5.0;
				TARGETED_DEVICE_FAMILY = "1,2";
			};
			name = Debug;
		};
		33A6E31929BA662800FA2398 /* Release */ = {
			isa = XCBuildConfiguration;
			buildSettings = {
				ASSETCATALOG_COMPILER_APPICON_NAME = AppIcon;
				ASSETCATALOG_COMPILER_GLOBAL_ACCENT_COLOR_NAME = AccentColor;
				CODE_SIGN_STYLE = Automatic;
				CURRENT_PROJECT_VERSION = 1;
				DEVELOPMENT_TEAM = 75HW37487N;
				GENERATE_INFOPLIST_FILE = YES;
				INFOPLIST_FILE = PostsList/Info.plist;
				INFOPLIST_KEY_UIApplicationSupportsIndirectInputEvents = YES;
				INFOPLIST_KEY_UILaunchStoryboardName = LaunchScreen;
				INFOPLIST_KEY_UISupportedInterfaceOrientations = UIInterfaceOrientationPortrait;
				INFOPLIST_KEY_UISupportedInterfaceOrientations_iPad = "UIInterfaceOrientationLandscapeLeft UIInterfaceOrientationLandscapeRight UIInterfaceOrientationPortrait UIInterfaceOrientationPortraitUpsideDown";
				IPHONEOS_DEPLOYMENT_TARGET = 15.0;
				LD_RUNPATH_SEARCH_PATHS = (
					"$(inherited)",
					"@executable_path/Frameworks",
				);
				MARKETING_VERSION = 1.0;
				PRODUCT_BUNDLE_IDENTIFIER = dimohamdy.PostsList;
				PRODUCT_NAME = "$(TARGET_NAME)";
				SWIFT_EMIT_LOC_STRINGS = YES;
				SWIFT_VERSION = 5.0;
				TARGETED_DEVICE_FAMILY = "1,2";
			};
			name = Release;
		};
		33A6E31B29BA662800FA2398 /* Debug */ = {
			isa = XCBuildConfiguration;
			buildSettings = {
				ALWAYS_EMBED_SWIFT_STANDARD_LIBRARIES = YES;
				BUNDLE_LOADER = "$(TEST_HOST)";
				CODE_SIGN_STYLE = Automatic;
				CURRENT_PROJECT_VERSION = 1;
				DEVELOPMENT_TEAM = VK6D97YNFG;
				GENERATE_INFOPLIST_FILE = YES;
				IPHONEOS_DEPLOYMENT_TARGET = 15.0;
				MARKETING_VERSION = 1.0;
				PRODUCT_BUNDLE_IDENTIFIER = dimohamdy.PostsListTests;
				PRODUCT_NAME = "$(TARGET_NAME)";
				SWIFT_EMIT_LOC_STRINGS = NO;
				SWIFT_VERSION = 5.0;
				TARGETED_DEVICE_FAMILY = "1,2";
				TEST_HOST = "$(BUILT_PRODUCTS_DIR)/PostsList.app/$(BUNDLE_EXECUTABLE_FOLDER_PATH)/PostsList";
			};
			name = Debug;
		};
		33A6E31C29BA662800FA2398 /* Release */ = {
			isa = XCBuildConfiguration;
			buildSettings = {
				ALWAYS_EMBED_SWIFT_STANDARD_LIBRARIES = YES;
				BUNDLE_LOADER = "$(TEST_HOST)";
				CODE_SIGN_STYLE = Automatic;
				CURRENT_PROJECT_VERSION = 1;
				DEVELOPMENT_TEAM = VK6D97YNFG;
				GENERATE_INFOPLIST_FILE = YES;
				IPHONEOS_DEPLOYMENT_TARGET = 15.0;
				MARKETING_VERSION = 1.0;
				PRODUCT_BUNDLE_IDENTIFIER = dimohamdy.PostsListTests;
				PRODUCT_NAME = "$(TARGET_NAME)";
				SWIFT_EMIT_LOC_STRINGS = NO;
				SWIFT_VERSION = 5.0;
				TARGETED_DEVICE_FAMILY = "1,2";
				TEST_HOST = "$(BUILT_PRODUCTS_DIR)/PostsList.app/$(BUNDLE_EXECUTABLE_FOLDER_PATH)/PostsList";
			};
			name = Release;
		};
		33A6E31E29BA662800FA2398 /* Debug */ = {
			isa = XCBuildConfiguration;
			buildSettings = {
				ALWAYS_EMBED_SWIFT_STANDARD_LIBRARIES = YES;
				CODE_SIGN_STYLE = Automatic;
				CURRENT_PROJECT_VERSION = 1;
				DEVELOPMENT_TEAM = VK6D97YNFG;
				GENERATE_INFOPLIST_FILE = YES;
				MARKETING_VERSION = 1.0;
				PRODUCT_BUNDLE_IDENTIFIER = dimohamdy.PostsListUITests;
				PRODUCT_NAME = "$(TARGET_NAME)";
				SWIFT_EMIT_LOC_STRINGS = NO;
				SWIFT_VERSION = 5.0;
				TARGETED_DEVICE_FAMILY = "1,2";
				TEST_TARGET_NAME = PostsList;
			};
			name = Debug;
		};
		33A6E31F29BA662800FA2398 /* Release */ = {
			isa = XCBuildConfiguration;
			buildSettings = {
				ALWAYS_EMBED_SWIFT_STANDARD_LIBRARIES = YES;
				CODE_SIGN_STYLE = Automatic;
				CURRENT_PROJECT_VERSION = 1;
				DEVELOPMENT_TEAM = VK6D97YNFG;
				GENERATE_INFOPLIST_FILE = YES;
				MARKETING_VERSION = 1.0;
				PRODUCT_BUNDLE_IDENTIFIER = dimohamdy.PostsListUITests;
				PRODUCT_NAME = "$(TARGET_NAME)";
				SWIFT_EMIT_LOC_STRINGS = NO;
				SWIFT_VERSION = 5.0;
				TARGETED_DEVICE_FAMILY = "1,2";
				TEST_TARGET_NAME = PostsList;
			};
			name = Release;
		};
/* End XCBuildConfiguration section */

/* Begin XCConfigurationList section */
		33A6E2E529BA662400FA2398 /* Build configuration list for PBXProject "PostsList" */ = {
			isa = XCConfigurationList;
			buildConfigurations = (
				33A6E31529BA662800FA2398 /* Debug */,
				33A6E31629BA662800FA2398 /* Release */,
			);
			defaultConfigurationIsVisible = 0;
			defaultConfigurationName = Release;
		};
		33A6E31729BA662800FA2398 /* Build configuration list for PBXNativeTarget "PostsList" */ = {
			isa = XCConfigurationList;
			buildConfigurations = (
				33A6E31829BA662800FA2398 /* Debug */,
				33A6E31929BA662800FA2398 /* Release */,
			);
			defaultConfigurationIsVisible = 0;
			defaultConfigurationName = Release;
		};
		33A6E31A29BA662800FA2398 /* Build configuration list for PBXNativeTarget "PostsListTests" */ = {
			isa = XCConfigurationList;
			buildConfigurations = (
				33A6E31B29BA662800FA2398 /* Debug */,
				33A6E31C29BA662800FA2398 /* Release */,
			);
			defaultConfigurationIsVisible = 0;
			defaultConfigurationName = Release;
		};
		33A6E31D29BA662800FA2398 /* Build configuration list for PBXNativeTarget "PostsListUITests" */ = {
			isa = XCConfigurationList;
			buildConfigurations = (
				33A6E31E29BA662800FA2398 /* Debug */,
				33A6E31F29BA662800FA2398 /* Release */,
			);
			defaultConfigurationIsVisible = 0;
			defaultConfigurationName = Release;
		};
/* End XCConfigurationList section */

/* Begin XCRemoteSwiftPackageReference section */
		33478CF729BFA26B0097ECC2 /* XCRemoteSwiftPackageReference "swift-snapshot-testing" */ = {
			isa = XCRemoteSwiftPackageReference;
			repositoryURL = "https://github.com/pointfreeco/swift-snapshot-testing";
			requirement = {
				branch = main;
				kind = branch;
			};
		};
		33A6E3CA29BB4EBD00FA2398 /* XCRemoteSwiftPackageReference "SwiftMessages" */ = {
			isa = XCRemoteSwiftPackageReference;
			repositoryURL = "https://github.com/SwiftKickMobile/SwiftMessages";
			requirement = {
				branch = master;
				kind = branch;
			};
		};
/* End XCRemoteSwiftPackageReference section */

/* Begin XCSwiftPackageProductDependency section */
		33478CF829BFA26B0097ECC2 /* SnapshotTesting */ = {
			isa = XCSwiftPackageProductDependency;
			package = 33478CF729BFA26B0097ECC2 /* XCRemoteSwiftPackageReference "swift-snapshot-testing" */;
			productName = SnapshotTesting;
		};
		33A6E3CB29BB4EBD00FA2398 /* SwiftMessages */ = {
			isa = XCSwiftPackageProductDependency;
			package = 33A6E3CA29BB4EBD00FA2398 /* XCRemoteSwiftPackageReference "SwiftMessages" */;
			productName = SwiftMessages;
		};
/* End XCSwiftPackageProductDependency section */

/* Begin XCVersionGroup section */
		33A6E2F629BA662400FA2398 /* PostsList.xcdatamodeld */ = {
			isa = XCVersionGroup;
			children = (
				33A6E2F729BA662400FA2398 /* PostsList.xcdatamodel */,
			);
			currentVersion = 33A6E2F729BA662400FA2398 /* PostsList.xcdatamodel */;
			path = PostsList.xcdatamodeld;
			sourceTree = "<group>";
			versionGroupType = wrapper.xcdatamodel;
		};
/* End XCVersionGroup section */
	};
	rootObject = 33A6E2E229BA662400FA2398 /* Project object */;
}
