{
  "pins" : [
    {
      "identity" : "swift-snapshot-testing",
      "kind" : "remoteSourceControl",
      "location" : "https://github.com/pointfreeco/swift-snapshot-testing",
      "state" : {
        "branch" : "main",
        "revision" : "f5489a273ddd57239fd68b9889b3b541bdcbfa3a"
      }
    },
    {
      "identity" : "swiftmessages",
      "kind" : "remoteSourceControl",
      "location" : "https://github.com/SwiftKickMobile/SwiftMessages",
      "state" : {
        "branch" : "master",
        "revision" : "4e49214f64f949cc00af225e1f6f4457f6fd62d5"
      }
    }
  ],
  "version" : 2
}
